
Microsoft Visual Studio Solution File, Format Version 12.00
# Visual Studio Version 16
VisualStudioVersion = 16.0.32929.386
MinimumVisualStudioVersion = 10.0.40219.1
Project("{FAE04EC0-301F-11D3-BF4B-00C04F79EFBC}") = "Read_Files_Project", "Read_Files_Project\Read_Files_Project.csproj", "{58F04E2D-EF08-4BA6-993A-131F0C07CC0C}"
EndProject
Global
	GlobalSection(SolutionConfigurationPlatforms) = preSolution
		Debug|Any CPU = Debug|Any CPU
		Release|Any CPU = Release|Any CPU
	EndGlobalSection
	GlobalSection(ProjectConfigurationPlatforms) = postSolution
		{58F04E2D-EF08-4BA6-993A-131F0C07CC0C}.Debug|Any CPU.ActiveCfg = Debug|Any CPU
		{58F04E2D-EF08-4BA6-993A-131F0C07CC0C}.Debug|Any CPU.Build.0 = Debug|Any CPU
		{58F04E2D-EF08-4BA6-993A-131F0C07CC0C}.Release|Any CPU.ActiveCfg = Release|Any CPU
		{58F04E2D-EF08-4BA6-993A-131F0C07CC0C}.Release|Any CPU.Build.0 = Release|Any CPU
	EndGlobalSection
	GlobalSection(SolutionProperties) = preSolution
		HideSolutionNode = FALSE
	EndGlobalSection
	GlobalSection(ExtensibilityGlobals) = postSolution
		SolutionGuid = {1A0BB745-938A-489A-8699-1DEDAD4E90F8}
	EndGlobalSection
EndGlobal
