
Microsoft Visual Studio Solution File, Format Version 12.00
# Visual Studio Version 16
VisualStudioVersion = 16.0.32929.386
MinimumVisualStudioVersion = 10.0.40219.1
Project("{FAE04EC0-301F-11D3-BF4B-00C04F79EFBC}") = "Swap_Files_project", "Swap_Files_project\Swap_Files_project.csproj", "{EB354AE7-2ED8-475D-A699-02D226808BF2}"
EndProject
Global
	GlobalSection(SolutionConfigurationPlatforms) = preSolution
		Debug|Any CPU = Debug|Any CPU
		Release|Any CPU = Release|Any CPU
	EndGlobalSection
	GlobalSection(ProjectConfigurationPlatforms) = postSolution
		{EB354AE7-2ED8-475D-A699-02D226808BF2}.Debug|Any CPU.ActiveCfg = Debug|Any CPU
		{EB354AE7-2ED8-475D-A699-02D226808BF2}.Debug|Any CPU.Build.0 = Debug|Any CPU
		{EB354AE7-2ED8-475D-A699-02D226808BF2}.Release|Any CPU.ActiveCfg = Release|Any CPU
		{EB354AE7-2ED8-475D-A699-02D226808BF2}.Release|Any CPU.Build.0 = Release|Any CPU
	EndGlobalSection
	GlobalSection(SolutionProperties) = preSolution
		HideSolutionNode = FALSE
	EndGlobalSection
	GlobalSection(ExtensibilityGlobals) = postSolution
		SolutionGuid = {8D9D919B-5D76-4DB1-A675-9C54831D5B09}
	EndGlobalSection
EndGlobal
